
Microsoft Visual Studio Solution File, Format Version 12.00
# Visual Studio Version 16
VisualStudioVersion = 16.0.30717.126
MinimumVisualStudioVersion = 10.0.40219.1
Project("{FAE04EC0-301F-11D3-BF4B-00C04F79EFBC}") = "EticaretUygulamasi", "EticaretUygulamasi\EticaretUygulamasi.csproj", "{5BF920F5-1DAD-4C3C-9C70-96DF16E97107}"
EndProject
Global
	GlobalSection(SolutionConfigurationPlatforms) = preSolution
		Debug|Any CPU = Debug|Any CPU
		Release|Any CPU = Release|Any CPU
	EndGlobalSection
	GlobalSection(ProjectConfigurationPlatforms) = postSolution
		{5BF920F5-1DAD-4C3C-9C70-96DF16E97107}.Debug|Any CPU.ActiveCfg = Debug|Any CPU
		{5BF920F5-1DAD-4C3C-9C70-96DF16E97107}.Debug|Any CPU.Build.0 = Debug|Any CPU
		{5BF920F5-1DAD-4C3C-9C70-96DF16E97107}.Release|Any CPU.ActiveCfg = Release|Any CPU
		{5BF920F5-1DAD-4C3C-9C70-96DF16E97107}.Release|Any CPU.Build.0 = Release|Any CPU
	EndGlobalSection
	GlobalSection(SolutionProperties) = preSolution
		HideSolutionNode = FALSE
	EndGlobalSection
	GlobalSection(ExtensibilityGlobals) = postSolution
		SolutionGuid = {0445DF13-EC3E-4947-8626-A709DDD43483}
	EndGlobalSection
EndGlobal
